// !$*UTF8*$!
{
	archiveVersion = 1;
	classes = {
	};
	objectVersion = 54;
	objects = {

/* Begin PBXBuildFile section */
		7B52346827595CCF00A9BA0D /* AppDelegate.swift in Sources */ = {isa = PBXBuildFile; fileRef = 7B52346727595CCF00A9BA0D /* AppDelegate.swift */; };
		7B52346F27595CCF00A9BA0D /* Main.storyboard in Resources */ = {isa = PBXBuildFile; fileRef = 7B52346D27595CCF00A9BA0D /* Main.storyboard */; };
		7B52347127595CD100A9BA0D /* Assets.xcassets in Resources */ = {isa = PBXBuildFile; fileRef = 7B52347027595CD100A9BA0D /* Assets.xcassets */; };
		7B52347427595CD100A9BA0D /* LaunchScreen.storyboard in Resources */ = {isa = PBXBuildFile; fileRef = 7B52347227595CD100A9BA0D /* LaunchScreen.storyboard */; };
		7B52347F27595CD100A9BA0D /* ScottishPowerTestAppTests.swift in Sources */ = {isa = PBXBuildFile; fileRef = 7B52347E27595CD100A9BA0D /* ScottishPowerTestAppTests.swift */; };
		7B52348927595CD100A9BA0D /* ScottishPowerTestAppUITests.swift in Sources */ = {isa = PBXBuildFile; fileRef = 7B52348827595CD100A9BA0D /* ScottishPowerTestAppUITests.swift */; };
		7B52348B27595CD100A9BA0D /* ScottishPowerTestAppUITestsLaunchTests.swift in Sources */ = {isa = PBXBuildFile; fileRef = 7B52348A27595CD100A9BA0D /* ScottishPowerTestAppUITestsLaunchTests.swift */; };
		7B5234982759677800A9BA0D /* Tracks.swift in Sources */ = {isa = PBXBuildFile; fileRef = 7B5234972759677800A9BA0D /* Tracks.swift */; };
		7B52349A275967F200A9BA0D /* TrackListTableViewController.swift in Sources */ = {isa = PBXBuildFile; fileRef = 7B523499275967F200A9BA0D /* TrackListTableViewController.swift */; };
		7B52349C275968E400A9BA0D /* TracksTableViewCell.swift in Sources */ = {isa = PBXBuildFile; fileRef = 7B52349B275968E400A9BA0D /* TracksTableViewCell.swift */; };
		7B52349E27596A8200A9BA0D /* Network.swift in Sources */ = {isa = PBXBuildFile; fileRef = 7B52349D27596A8200A9BA0D /* Network.swift */; };
		7B5234A027596B3200A9BA0D /* TrackListViewModel.swift in Sources */ = {isa = PBXBuildFile; fileRef = 7B52349F27596B3200A9BA0D /* TrackListViewModel.swift */; };
		7B5234A227596BFF00A9BA0D /* TrackDetailViewModel.swift in Sources */ = {isa = PBXBuildFile; fileRef = 7B5234A127596BFF00A9BA0D /* TrackDetailViewModel.swift */; };
		7B5234A427596DE100A9BA0D /* TrackDetailViewController.swift in Sources */ = {isa = PBXBuildFile; fileRef = 7B5234A327596DE100A9BA0D /* TrackDetailViewController.swift */; };
		7B5234A6275A5D0C00A9BA0D /* Utility.swift in Sources */ = {isa = PBXBuildFile; fileRef = 7B5234A5275A5D0C00A9BA0D /* Utility.swift */; };
		7B5234A8275A5DBB00A9BA0D /* UIImageView+loadFromCacheOrServer.swift in Sources */ = {isa = PBXBuildFile; fileRef = 7B5234A7275A5DBB00A9BA0D /* UIImageView+loadFromCacheOrServer.swift */; };
/* End PBXBuildFile section */

/* Begin PBXContainerItemProxy section */
		7B52347B27595CD100A9BA0D /* PBXContainerItemProxy */ = {
			isa = PBXContainerItemProxy;
			containerPortal = 7B52345C27595CCF00A9BA0D /* Project object */;
			proxyType = 1;
			remoteGlobalIDString = 7B52346327595CCF00A9BA0D;
			remoteInfo = ScottishPowerTestApp;
		};
		7B52348527595CD100A9BA0D /* PBXContainerItemProxy */ = {
			isa = PBXContainerItemProxy;
			containerPortal = 7B52345C27595CCF00A9BA0D /* Project object */;
			proxyType = 1;
			remoteGlobalIDString = 7B52346327595CCF00A9BA0D;
			remoteInfo = ScottishPowerTestApp;
		};
/* End PBXContainerItemProxy section */

/* Begin PBXFileReference section */
		7B52346427595CCF00A9BA0D /* ScottishPowerTestApp.app */ = {isa = PBXFileReference; explicitFileType = wrapper.application; includeInIndex = 0; path = ScottishPowerTestApp.app; sourceTree = BUILT_PRODUCTS_DIR; };
		7B52346727595CCF00A9BA0D /* AppDelegate.swift */ = {isa = PBXFileReference; lastKnownFileType = sourcecode.swift; path = AppDelegate.swift; sourceTree = "<group>"; };
		7B52346E27595CCF00A9BA0D /* Base */ = {isa = PBXFileReference; lastKnownFileType = file.storyboard; name = Base; path = Base.lproj/Main.storyboard; sourceTree = "<group>"; };
		7B52347027595CD100A9BA0D /* Assets.xcassets */ = {isa = PBXFileReference; lastKnownFileType = folder.assetcatalog; path = Assets.xcassets; sourceTree = "<group>"; };
		7B52347327595CD100A9BA0D /* Base */ = {isa = PBXFileReference; lastKnownFileType = file.storyboard; name = Base; path = Base.lproj/LaunchScreen.storyboard; sourceTree = "<group>"; };
		7B52347527595CD100A9BA0D /* Info.plist */ = {isa = PBXFileReference; lastKnownFileType = text.plist.xml; path = Info.plist; sourceTree = "<group>"; };
		7B52347A27595CD100A9BA0D /* ScottishPowerTestAppTests.xctest */ = {isa = PBXFileReference; explicitFileType = wrapper.cfbundle; includeInIndex = 0; path = ScottishPowerTestAppTests.xctest; sourceTree = BUILT_PRODUCTS_DIR; };
		7B52347E27595CD100A9BA0D /* ScottishPowerTestAppTests.swift */ = {isa = PBXFileReference; lastKnownFileType = sourcecode.swift; path = ScottishPowerTestAppTests.swift; sourceTree = "<group>"; };
		7B52348427595CD100A9BA0D /* ScottishPowerTestAppUITests.xctest */ = {isa = PBXFileReference; explicitFileType = wrapper.cfbundle; includeInIndex = 0; path = ScottishPowerTestAppUITests.xctest; sourceTree = BUILT_PRODUCTS_DIR; };
		7B52348827595CD100A9BA0D /* ScottishPowerTestAppUITests.swift */ = {isa = PBXFileReference; lastKnownFileType = sourcecode.swift; path = ScottishPowerTestAppUITests.swift; sourceTree = "<group>"; };
		7B52348A27595CD100A9BA0D /* ScottishPowerTestAppUITestsLaunchTests.swift */ = {isa = PBXFileReference; lastKnownFileType = sourcecode.swift; path = ScottishPowerTestAppUITestsLaunchTests.swift; sourceTree = "<group>"; };
		7B5234972759677800A9BA0D /* Tracks.swift */ = {isa = PBXFileReference; lastKnownFileType = sourcecode.swift; path = Tracks.swift; sourceTree = "<group>"; };
		7B523499275967F200A9BA0D /* TrackListTableViewController.swift */ = {isa = PBXFileReference; lastKnownFileType = sourcecode.swift; path = TrackListTableViewController.swift; sourceTree = "<group>"; };
		7B52349B275968E400A9BA0D /* TracksTableViewCell.swift */ = {isa = PBXFileReference; lastKnownFileType = sourcecode.swift; path = TracksTableViewCell.swift; sourceTree = "<group>"; };
		7B52349D27596A8200A9BA0D /* Network.swift */ = {isa = PBXFileReference; lastKnownFileType = sourcecode.swift; path = Network.swift; sourceTree = "<group>"; };
		7B52349F27596B3200A9BA0D /* TrackListViewModel.swift */ = {isa = PBXFileReference; lastKnownFileType = sourcecode.swift; path = TrackListViewModel.swift; sourceTree = "<group>"; };
		7B5234A127596BFF00A9BA0D /* TrackDetailViewModel.swift */ = {isa = PBXFileReference; lastKnownFileType = sourcecode.swift; path = TrackDetailViewModel.swift; sourceTree = "<group>"; };
		7B5234A327596DE100A9BA0D /* TrackDetailViewController.swift */ = {isa = PBXFileReference; lastKnownFileType = sourcecode.swift; path = TrackDetailViewController.swift; sourceTree = "<group>"; };
		7B5234A5275A5D0C00A9BA0D /* Utility.swift */ = {isa = PBXFileReference; lastKnownFileType = sourcecode.swift; path = Utility.swift; sourceTree = "<group>"; };
		7B5234A7275A5DBB00A9BA0D /* UIImageView+loadFromCacheOrServer.swift */ = {isa = PBXFileReference; lastKnownFileType = sourcecode.swift; path = "UIImageView+loadFromCacheOrServer.swift"; sourceTree = "<group>"; };
/* End PBXFileReference section */

/* Begin PBXFrameworksBuildPhase section */
		7B52346127595CCF00A9BA0D /* Frameworks */ = {
			isa = PBXFrameworksBuildPhase;
			buildActionMask = 2147483647;
			files = (
			);
			runOnlyForDeploymentPostprocessing = 0;
		};
		7B52347727595CD100A9BA0D /* Frameworks */ = {
			isa = PBXFrameworksBuildPhase;
			buildActionMask = 2147483647;
			files = (
			);
			runOnlyForDeploymentPostprocessing = 0;
		};
		7B52348127595CD100A9BA0D /* Frameworks */ = {
			isa = PBXFrameworksBuildPhase;
			buildActionMask = 2147483647;
			files = (
			);
			runOnlyForDeploymentPostprocessing = 0;
		};
/* End PBXFrameworksBuildPhase section */

/* Begin PBXGroup section */
		7B52345B27595CCF00A9BA0D = {
			isa = PBXGroup;
			children = (
				7B52346627595CCF00A9BA0D /* ScottishPowerTestApp */,
				7B52347D27595CD100A9BA0D /* ScottishPowerTestAppTests */,
				7B52348727595CD100A9BA0D /* ScottishPowerTestAppUITests */,
				7B52346527595CCF00A9BA0D /* Products */,
			);
			sourceTree = "<group>";
		};
		7B52346527595CCF00A9BA0D /* Products */ = {
			isa = PBXGroup;
			children = (
				7B52346427595CCF00A9BA0D /* ScottishPowerTestApp.app */,
				7B52347A27595CD100A9BA0D /* ScottishPowerTestAppTests.xctest */,
				7B52348427595CD100A9BA0D /* ScottishPowerTestAppUITests.xctest */,
			);
			name = Products;
			sourceTree = "<group>";
		};
		7B52346627595CCF00A9BA0D /* ScottishPowerTestApp */ = {
			isa = PBXGroup;
			children = (
				7B52346727595CCF00A9BA0D /* AppDelegate.swift */,
				7B5234972759677800A9BA0D /* Tracks.swift */,
				7B52346D27595CCF00A9BA0D /* Main.storyboard */,
				7B52349F27596B3200A9BA0D /* TrackListViewModel.swift */,
				7B5234A127596BFF00A9BA0D /* TrackDetailViewModel.swift */,
				7B5234A5275A5D0C00A9BA0D /* Utility.swift */,
				7B52349D27596A8200A9BA0D /* Network.swift */,
				7B52349B275968E400A9BA0D /* TracksTableViewCell.swift */,
				7B523499275967F200A9BA0D /* TrackListTableViewController.swift */,
				7B5234A7275A5DBB00A9BA0D /* UIImageView+loadFromCacheOrServer.swift */,
				7B5234A327596DE100A9BA0D /* TrackDetailViewController.swift */,
				7B52347027595CD100A9BA0D /* Assets.xcassets */,
				7B52347227595CD100A9BA0D /* LaunchScreen.storyboard */,
				7B52347527595CD100A9BA0D /* Info.plist */,
			);
			path = ScottishPowerTestApp;
			sourceTree = "<group>";
		};
		7B52347D27595CD100A9BA0D /* ScottishPowerTestAppTests */ = {
			isa = PBXGroup;
			children = (
				7B52347E27595CD100A9BA0D /* ScottishPowerTestAppTests.swift */,
			);
			path = ScottishPowerTestAppTests;
			sourceTree = "<group>";
		};
		7B52348727595CD100A9BA0D /* ScottishPowerTestAppUITests */ = {
			isa = PBXGroup;
			children = (
				7B52348827595CD100A9BA0D /* ScottishPowerTestAppUITests.swift */,
				7B52348A27595CD100A9BA0D /* ScottishPowerTestAppUITestsLaunchTests.swift */,
			);
			path = ScottishPowerTestAppUITests;
			sourceTree = "<group>";
		};
/* End PBXGroup section */

/* Begin PBXNativeTarget section */
		7B52346327595CCF00A9BA0D /* ScottishPowerTestApp */ = {
			isa = PBXNativeTarget;
			buildConfigurationList = 7B52348E27595CD100A9BA0D /* Build configuration list for PBXNativeTarget "ScottishPowerTestApp" */;
			buildPhases = (
				7B52346027595CCF00A9BA0D /* Sources */,
				7B52346127595CCF00A9BA0D /* Frameworks */,
				7B52346227595CCF00A9BA0D /* Resources */,
			);
			buildRules = (
			);
			dependencies = (
			);
			name = ScottishPowerTestApp;
			productName = ScottishPowerTestApp;
			productReference = 7B52346427595CCF00A9BA0D /* ScottishPowerTestApp.app */;
			productType = "com.apple.product-type.application";
		};
		7B52347927595CD100A9BA0D /* ScottishPowerTestAppTests */ = {
			isa = PBXNativeTarget;
			buildConfigurationList = 7B52349127595CD100A9BA0D /* Build configuration list for PBXNativeTarget "ScottishPowerTestAppTests" */;
			buildPhases = (
				7B52347627595CD100A9BA0D /* Sources */,
				7B52347727595CD100A9BA0D /* Frameworks */,
				7B52347827595CD100A9BA0D /* Resources */,
			);
			buildRules = (
			);
			dependencies = (
				7B52347C27595CD100A9BA0D /* PBXTargetDependency */,
			);
			name = ScottishPowerTestAppTests;
			productName = ScottishPowerTestAppTests;
			productReference = 7B52347A27595CD100A9BA0D /* ScottishPowerTestAppTests.xctest */;
			productType = "com.apple.product-type.bundle.unit-test";
		};
		7B52348327595CD100A9BA0D /* ScottishPowerTestAppUITests */ = {
			isa = PBXNativeTarget;
			buildConfigurationList = 7B52349427595CD100A9BA0D /* Build configuration list for PBXNativeTarget "ScottishPowerTestAppUITests" */;
			buildPhases = (
				7B52348027595CD100A9BA0D /* Sources */,
				7B52348127595CD100A9BA0D /* Frameworks */,
				7B52348227595CD100A9BA0D /* Resources */,
			);
			buildRules = (
			);
			dependencies = (
				7B52348627595CD100A9BA0D /* PBXTargetDependency */,
			);
			name = ScottishPowerTestAppUITests;
			productName = ScottishPowerTestAppUITests;
			productReference = 7B52348427595CD100A9BA0D /* ScottishPowerTestAppUITests.xctest */;
			productType = "com.apple.product-type.bundle.ui-testing";
		};
/* End PBXNativeTarget section */

/* Begin PBXProject section */
		7B52345C27595CCF00A9BA0D /* Project object */ = {
			isa = PBXProject;
			attributes = {
				BuildIndependentTargetsInParallel = 1;
				LastSwiftUpdateCheck = 1310;
				LastUpgradeCheck = 1310;
				TargetAttributes = {
					7B52346327595CCF00A9BA0D = {
						CreatedOnToolsVersion = 13.1;
					};
					7B52347927595CD100A9BA0D = {
						CreatedOnToolsVersion = 13.1;
						TestTargetID = 7B52346327595CCF00A9BA0D;
					};
					7B52348327595CD100A9BA0D = {
						CreatedOnToolsVersion = 13.1;
						TestTargetID = 7B52346327595CCF00A9BA0D;
					};
				};
			};
			buildConfigurationList = 7B52345F27595CCF00A9BA0D /* Build configuration list for PBXProject "ScottishPowerTestApp" */;
			compatibilityVersion = "Xcode 12.0";
			developmentRegion = en;
			hasScannedForEncodings = 0;
			knownRegions = (
				en,
				Base,
			);
			mainGroup = 7B52345B27595CCF00A9BA0D;
			productRefGroup = 7B52346527595CCF00A9BA0D /* Products */;
			projectDirPath = "";
			projectRoot = "";
			targets = (
				7B52346327595CCF00A9BA0D /* ScottishPowerTestApp */,
				7B52347927595CD100A9BA0D /* ScottishPowerTestAppTests */,
				7B52348327595CD100A9BA0D /* ScottishPowerTestAppUITests */,
			);
		};
/* End PBXProject section */

/* Begin PBXResourcesBuildPhase section */
		7B52346227595CCF00A9BA0D /* Resources */ = {
			isa = PBXResourcesBuildPhase;
			buildActionMask = 2147483647;
			files = (
				7B52347427595CD100A9BA0D /* LaunchScreen.storyboard in Resources */,
				7B52347127595CD100A9BA0D /* Assets.xcassets in Resources */,
				7B52346F27595CCF00A9BA0D /* Main.storyboard in Resources */,
			);
			runOnlyForDeploymentPostprocessing = 0;
		};
		7B52347827595CD100A9BA0D /* Resources */ = {
			isa = PBXResourcesBuildPhase;
			buildActionMask = 2147483647;
			files = (
			);
			runOnlyForDeploymentPostprocessing = 0;
		};
		7B52348227595CD100A9BA0D /* Resources */ = {
			isa = PBXResourcesBuildPhase;
			buildActionMask = 2147483647;
			files = (
			);
			runOnlyForDeploymentPostprocessing = 0;
		};
/* End PBXResourcesBuildPhase section */

/* Begin PBXSourcesBuildPhase section */
		7B52346027595CCF00A9BA0D /* Sources */ = {
			isa = PBXSourcesBuildPhase;
			buildActionMask = 2147483647;
			files = (
				7B52349E27596A8200A9BA0D /* Network.swift in Sources */,
				7B5234A427596DE100A9BA0D /* TrackDetailViewController.swift in Sources */,
				7B5234A6275A5D0C00A9BA0D /* Utility.swift in Sources */,
				7B5234A8275A5DBB00A9BA0D /* UIImageView+loadFromCacheOrServer.swift in Sources */,
				7B5234982759677800A9BA0D /* Tracks.swift in Sources */,
				7B52346827595CCF00A9BA0D /* AppDelegate.swift in Sources */,
				7B52349A275967F200A9BA0D /* TrackListTableViewController.swift in Sources */,
				7B5234A227596BFF00A9BA0D /* TrackDetailViewModel.swift in Sources */,
				7B5234A027596B3200A9BA0D /* TrackListViewModel.swift in Sources */,
				7B52349C275968E400A9BA0D /* TracksTableViewCell.swift in Sources */,
			);
			runOnlyForDeploymentPostprocessing = 0;
		};
		7B52347627595CD100A9BA0D /* Sources */ = {
			isa = PBXSourcesBuildPhase;
			buildActionMask = 2147483647;
			files = (
				7B52347F27595CD100A9BA0D /* ScottishPowerTestAppTests.swift in Sources */,
			);
			runOnlyForDeploymentPostprocessing = 0;
		};
		7B52348027595CD100A9BA0D /* Sources */ = {
			isa = PBXSourcesBuildPhase;
			buildActionMask = 2147483647;
			files = (
				7B52348927595CD100A9BA0D /* ScottishPowerTestAppUITests.swift in Sources */,
				7B52348B27595CD100A9BA0D /* ScottishPowerTestAppUITestsLaunchTests.swift in Sources */,
			);
			runOnlyForDeploymentPostprocessing = 0;
		};
/* End PBXSourcesBuildPhase section */

/* Begin PBXTargetDependency section */
		7B52347C27595CD100A9BA0D /* PBXTargetDependency */ = {
			isa = PBXTargetDependency;
			target = 7B52346327595CCF00A9BA0D /* ScottishPowerTestApp */;
			targetProxy = 7B52347B27595CD100A9BA0D /* PBXContainerItemProxy */;
		};
		7B52348627595CD100A9BA0D /* PBXTargetDependency */ = {
			isa = PBXTargetDependency;
			target = 7B52346327595CCF00A9BA0D /* ScottishPowerTestApp */;
			targetProxy = 7B52348527595CD100A9BA0D /* PBXContainerItemProxy */;
		};
/* End PBXTargetDependency section */

/* Begin PBXVariantGroup section */
		7B52346D27595CCF00A9BA0D /* Main.storyboard */ = {
			isa = PBXVariantGroup;
			children = (
				7B52346E27595CCF00A9BA0D /* Base */,
			);
			name = Main.storyboard;
			sourceTree = "<group>";
		};
		7B52347227595CD100A9BA0D /* LaunchScreen.storyboard */ = {
			isa = PBXVariantGroup;
			children = (
				7B52347327595CD100A9BA0D /* Base */,
			);
			name = LaunchScreen.storyboard;
			sourceTree = "<group>";
		};
/* End PBXVariantGroup section */

/* Begin XCBuildConfiguration section */
		7B52348C27595CD100A9BA0D /* Debug */ = {
			isa = XCBuildConfiguration;
			buildSettings = {
				ALWAYS_SEARCH_USER_PATHS = NO;
				CLANG_ANALYZER_NONNULL = YES;
				CLANG_ANALYZER_NUMBER_OBJECT_CONVERSION = YES_AGGRESSIVE;
				CLANG_CXX_LANGUAGE_STANDARD = "gnu++17";
				CLANG_CXX_LIBRARY = "libc++";
				CLANG_ENABLE_MODULES = YES;
				CLANG_ENABLE_OBJC_ARC = YES;
				CLANG_ENABLE_OBJC_WEAK = YES;
				CLANG_WARN_BLOCK_CAPTURE_AUTORELEASING = YES;
				CLANG_WARN_BOOL_CONVERSION = YES;
				CLANG_WARN_COMMA = YES;
				CLANG_WARN_CONSTANT_CONVERSION = YES;
				CLANG_WARN_DEPRECATED_OBJC_IMPLEMENTATIONS = YES;
				CLANG_WARN_DIRECT_OBJC_ISA_USAGE = YES_ERROR;
				CLANG_WARN_DOCUMENTATION_COMMENTS = YES;
				CLANG_WARN_EMPTY_BODY = YES;
				CLANG_WARN_ENUM_CONVERSION = YES;
				CLANG_WARN_INFINITE_RECURSION = YES;
				CLANG_WARN_INT_CONVERSION = YES;
				CLANG_WARN_NON_LITERAL_NULL_CONVERSION = YES;
				CLANG_WARN_OBJC_IMPLICIT_RETAIN_SELF = YES;
				CLANG_WARN_OBJC_LITERAL_CONVERSION = YES;
				CLANG_WARN_OBJC_ROOT_CLASS = YES_ERROR;
				CLANG_WARN_QUOTED_INCLUDE_IN_FRAMEWORK_HEADER = YES;
				CLANG_WARN_RANGE_LOOP_ANALYSIS = YES;
				CLANG_WARN_STRICT_PROTOTYPES = YES;
				CLANG_WARN_SUSPICIOUS_MOVE = YES;
				CLANG_WARN_UNGUARDED_AVAILABILITY = YES_AGGRESSIVE;
				CLANG_WARN_UNREACHABLE_CODE = YES;
				CLANG_WARN__DUPLICATE_METHOD_MATCH = YES;
				COPY_PHASE_STRIP = NO;
				DEBUG_INFORMATION_FORMAT = dwarf;
				ENABLE_STRICT_OBJC_MSGSEND = YES;
				ENABLE_TESTABILITY = YES;
				GCC_C_LANGUAGE_STANDARD = gnu11;
				GCC_DYNAMIC_NO_PIC = NO;
				GCC_NO_COMMON_BLOCKS = YES;
				GCC_OPTIMIZATION_LEVEL = 0;
				GCC_PREPROCESSOR_DEFINITIONS = (
					"DEBUG=1",
					"$(inherited)",
				);
				GCC_WARN_64_TO_32_BIT_CONVERSION = YES;
				GCC_WARN_ABOUT_RETURN_TYPE = YES_ERROR;
				GCC_WARN_UNDECLARED_SELECTOR = YES;
				GCC_WARN_UNINITIALIZED_AUTOS = YES_AGGRESSIVE;
				GCC_WARN_UNUSED_FUNCTION = YES;
				GCC_WARN_UNUSED_VARIABLE = YES;
				IPHONEOS_DEPLOYMENT_TARGET = 15.0;
				MTL_ENABLE_DEBUG_INFO = INCLUDE_SOURCE;
				MTL_FAST_MATH = YES;
				ONLY_ACTIVE_ARCH = YES;
				SDKROOT = iphoneos;
				SWIFT_ACTIVE_COMPILATION_CONDITIONS = DEBUG;
				SWIFT_OPTIMIZATION_LEVEL = "-Onone";
			};
			name = Debug;
		};
		7B52348D27595CD100A9BA0D /* Release */ = {
			isa = XCBuildConfiguration;
			buildSettings = {
				ALWAYS_SEARCH_USER_PATHS = NO;
				CLANG_ANALYZER_NONNULL = YES;
				CLANG_ANALYZER_NUMBER_OBJECT_CONVERSION = YES_AGGRESSIVE;
				CLANG_CXX_LANGUAGE_STANDARD = "gnu++17";
				CLANG_CXX_LIBRARY = "libc++";
				CLANG_ENABLE_MODULES = YES;
				CLANG_ENABLE_OBJC_ARC = YES;
				CLANG_ENABLE_OBJC_WEAK = YES;
				CLANG_WARN_BLOCK_CAPTURE_AUTORELEASING = YES;
				CLANG_WARN_BOOL_CONVERSION = YES;
				CLANG_WARN_COMMA = YES;
				CLANG_WARN_CONSTANT_CONVERSION = YES;
				CLANG_WARN_DEPRECATED_OBJC_IMPLEMENTATIONS = YES;
				CLANG_WARN_DIRECT_OBJC_ISA_USAGE = YES_ERROR;
				CLANG_WARN_DOCUMENTATION_COMMENTS = YES;
				CLANG_WARN_EMPTY_BODY = YES;
				CLANG_WARN_ENUM_CONVERSION = YES;
				CLANG_WARN_INFINITE_RECURSION = YES;
				CLANG_WARN_INT_CONVERSION = YES;
				CLANG_WARN_NON_LITERAL_NULL_CONVERSION = YES;
				CLANG_WARN_OBJC_IMPLICIT_RETAIN_SELF = YES;
				CLANG_WARN_OBJC_LITERAL_CONVERSION = YES;
				CLANG_WARN_OBJC_ROOT_CLASS = YES_ERROR;
				CLANG_WARN_QUOTED_INCLUDE_IN_FRAMEWORK_HEADER = YES;
				CLANG_WARN_RANGE_LOOP_ANALYSIS = YES;
				CLANG_WARN_STRICT_PROTOTYPES = YES;
				CLANG_WARN_SUSPICIOUS_MOVE = YES;
				CLANG_WARN_UNGUARDED_AVAILABILITY = YES_AGGRESSIVE;
				CLANG_WARN_UNREACHABLE_CODE = YES;
				CLANG_WARN__DUPLICATE_METHOD_MATCH = YES;
				COPY_PHASE_STRIP = NO;
				DEBUG_INFORMATION_FORMAT = "dwarf-with-dsym";
				ENABLE_NS_ASSERTIONS = NO;
				ENABLE_STRICT_OBJC_MSGSEND = YES;
				GCC_C_LANGUAGE_STANDARD = gnu11;
				GCC_NO_COMMON_BLOCKS = YES;
				GCC_WARN_64_TO_32_BIT_CONVERSION = YES;
				GCC_WARN_ABOUT_RETURN_TYPE = YES_ERROR;
				GCC_WARN_UNDECLARED_SELECTOR = YES;
				GCC_WARN_UNINITIALIZED_AUTOS = YES_AGGRESSIVE;
				GCC_WARN_UNUSED_FUNCTION = YES;
				GCC_WARN_UNUSED_VARIABLE = YES;
				IPHONEOS_DEPLOYMENT_TARGET = 15.0;
				MTL_ENABLE_DEBUG_INFO = NO;
				MTL_FAST_MATH = YES;
				SDKROOT = iphoneos;
				SWIFT_COMPILATION_MODE = wholemodule;
				SWIFT_OPTIMIZATION_LEVEL = "-O";
				VALIDATE_PRODUCT = YES;
			};
			name = Release;
		};
		7B52348F27595CD100A9BA0D /* Debug */ = {
			isa = XCBuildConfiguration;
			buildSettings = {
				ASSETCATALOG_COMPILER_APPICON_NAME = AppIcon;
				ASSETCATALOG_COMPILER_GLOBAL_ACCENT_COLOR_NAME = AccentColor;
				CODE_SIGN_STYLE = Automatic;
				CURRENT_PROJECT_VERSION = 1;
				DEVELOPMENT_TEAM = 678Q4P29RN;
				GENERATE_INFOPLIST_FILE = YES;
				INFOPLIST_FILE = ScottishPowerTestApp/Info.plist;
				INFOPLIST_KEY_UIApplicationSupportsIndirectInputEvents = YES;
				INFOPLIST_KEY_UILaunchStoryboardName = LaunchScreen;
				INFOPLIST_KEY_UIMainStoryboardFile = Main;
				INFOPLIST_KEY_UISupportedInterfaceOrientations_iPad = "UIInterfaceOrientationPortrait UIInterfaceOrientationPortraitUpsideDown UIInterfaceOrientationLandscapeLeft UIInterfaceOrientationLandscapeRight";
				INFOPLIST_KEY_UISupportedInterfaceOrientations_iPhone = "UIInterfaceOrientationPortrait UIInterfaceOrientationLandscapeLeft UIInterfaceOrientationLandscapeRight";
				IPHONEOS_DEPLOYMENT_TARGET = 11.0;
				LD_RUNPATH_SEARCH_PATHS = (
					"$(inherited)",
					"@executable_path/Frameworks",
				);
				MARKETING_VERSION = 1.0;
				PRODUCT_BUNDLE_IDENTIFIER = com.amitnv.ScottishPowerTestApp;
				PRODUCT_NAME = "$(TARGET_NAME)";
				SWIFT_EMIT_LOC_STRINGS = YES;
				SWIFT_VERSION = 5.0;
				TARGETED_DEVICE_FAMILY = "1,2";
			};
			name = Debug;
		};
		7B52349027595CD100A9BA0D /* Release */ = {
			isa = XCBuildConfiguration;
			buildSettings = {
				ASSETCATALOG_COMPILER_APPICON_NAME = AppIcon;
				ASSETCATALOG_COMPILER_GLOBAL_ACCENT_COLOR_NAME = AccentColor;
				CODE_SIGN_STYLE = Automatic;
				CURRENT_PROJECT_VERSION = 1;
				DEVELOPMENT_TEAM = 678Q4P29RN;
				GENERATE_INFOPLIST_FILE = YES;
				INFOPLIST_FILE = ScottishPowerTestApp/Info.plist;
				INFOPLIST_KEY_UIApplicationSupportsIndirectInputEvents = YES;
				INFOPLIST_KEY_UILaunchStoryboardName = LaunchScreen;
				INFOPLIST_KEY_UIMainStoryboardFile = Main;
				INFOPLIST_KEY_UISupportedInterfaceOrientations_iPad = "UIInterfaceOrientationPortrait UIInterfaceOrientationPortraitUpsideDown UIInterfaceOrientationLandscapeLeft UIInterfaceOrientationLandscapeRight";
				INFOPLIST_KEY_UISupportedInterfaceOrientations_iPhone = "UIInterfaceOrientationPortrait UIInterfaceOrientationLandscapeLeft UIInterfaceOrientationLandscapeRight";
				IPHONEOS_DEPLOYMENT_TARGET = 11.0;
				LD_RUNPATH_SEARCH_PATHS = (
					"$(inherited)",
					"@executable_path/Frameworks",
				);
				MARKETING_VERSION = 1.0;
				PRODUCT_BUNDLE_IDENTIFIER = com.amitnv.ScottishPowerTestApp;
				PRODUCT_NAME = "$(TARGET_NAME)";
				SWIFT_EMIT_LOC_STRINGS = YES;
				SWIFT_VERSION = 5.0;
				TARGETED_DEVICE_FAMILY = "1,2";
			};
			name = Release;
		};
		7B52349227595CD100A9BA0D /* Debug */ = {
			isa = XCBuildConfiguration;
			buildSettings = {
				ALWAYS_EMBED_SWIFT_STANDARD_LIBRARIES = YES;
				BUNDLE_LOADER = "$(TEST_HOST)";
				CODE_SIGN_STYLE = Automatic;
				CURRENT_PROJECT_VERSION = 1;
				DEVELOPMENT_TEAM = 678Q4P29RN;
				GENERATE_INFOPLIST_FILE = YES;
				IPHONEOS_DEPLOYMENT_TARGET = 15.0;
				LD_RUNPATH_SEARCH_PATHS = (
					"$(inherited)",
					"@executable_path/Frameworks",
					"@loader_path/Frameworks",
				);
				MARKETING_VERSION = 1.0;
				PRODUCT_BUNDLE_IDENTIFIER = com.amitnv.ScottishPowerTestAppTests;
				PRODUCT_NAME = "$(TARGET_NAME)";
				SWIFT_EMIT_LOC_STRINGS = NO;
				SWIFT_VERSION = 5.0;
				TARGETED_DEVICE_FAMILY = "1,2";
				TEST_HOST = "$(BUILT_PRODUCTS_DIR)/ScottishPowerTestApp.app/ScottishPowerTestApp";
			};
			name = Debug;
		};
		7B52349327595CD100A9BA0D /* Release */ = {
			isa = XCBuildConfiguration;
			buildSettings = {
				ALWAYS_EMBED_SWIFT_STANDARD_LIBRARIES = YES;
				BUNDLE_LOADER = "$(TEST_HOST)";
				CODE_SIGN_STYLE = Automatic;
				CURRENT_PROJECT_VERSION = 1;
				DEVELOPMENT_TEAM = 678Q4P29RN;
				GENERATE_INFOPLIST_FILE = YES;
				IPHONEOS_DEPLOYMENT_TARGET = 15.0;
				LD_RUNPATH_SEARCH_PATHS = (
					"$(inherited)",
					"@executable_path/Frameworks",
					"@loader_path/Frameworks",
				);
				MARKETING_VERSION = 1.0;
				PRODUCT_BUNDLE_IDENTIFIER = com.amitnv.ScottishPowerTestAppTests;
				PRODUCT_NAME = "$(TARGET_NAME)";
				SWIFT_EMIT_LOC_STRINGS = NO;
				SWIFT_VERSION = 5.0;
				TARGETED_DEVICE_FAMILY = "1,2";
				TEST_HOST = "$(BUILT_PRODUCTS_DIR)/ScottishPowerTestApp.app/ScottishPowerTestApp";
			};
			name = Release;
		};
		7B52349527595CD100A9BA0D /* Debug */ = {
			isa = XCBuildConfiguration;
			buildSettings = {
				ALWAYS_EMBED_SWIFT_STANDARD_LIBRARIES = YES;
				CODE_SIGN_STYLE = Automatic;
				CURRENT_PROJECT_VERSION = 1;
				DEVELOPMENT_TEAM = 678Q4P29RN;
				GENERATE_INFOPLIST_FILE = YES;
				LD_RUNPATH_SEARCH_PATHS = (
					"$(inherited)",
					"@executable_path/Frameworks",
					"@loader_path/Frameworks",
				);
				MARKETING_VERSION = 1.0;
				PRODUCT_BUNDLE_IDENTIFIER = com.amitnv.ScottishPowerTestAppUITests;
				PRODUCT_NAME = "$(TARGET_NAME)";
				SWIFT_EMIT_LOC_STRINGS = NO;
				SWIFT_VERSION = 5.0;
				TARGETED_DEVICE_FAMILY = "1,2";
				TEST_TARGET_NAME = ScottishPowerTestApp;
			};
			name = Debug;
		};
		7B52349627595CD100A9BA0D /* Release */ = {
			isa = XCBuildConfiguration;
			buildSettings = {
				ALWAYS_EMBED_SWIFT_STANDARD_LIBRARIES = YES;
				CODE_SIGN_STYLE = Automatic;
				CURRENT_PROJECT_VERSION = 1;
				DEVELOPMENT_TEAM = 678Q4P29RN;
				GENERATE_INFOPLIST_FILE = YES;
				LD_RUNPATH_SEARCH_PATHS = (
					"$(inherited)",
					"@executable_path/Frameworks",
					"@loader_path/Frameworks",
				);
				MARKETING_VERSION = 1.0;
				PRODUCT_BUNDLE_IDENTIFIER = com.amitnv.ScottishPowerTestAppUITests;
				PRODUCT_NAME = "$(TARGET_NAME)";
				SWIFT_EMIT_LOC_STRINGS = NO;
				SWIFT_VERSION = 5.0;
				TARGETED_DEVICE_FAMILY = "1,2";
				TEST_TARGET_NAME = ScottishPowerTestApp;
			};
			name = Release;
		};
/* End XCBuildConfiguration section */

/* Begin XCConfigurationList section */
		7B52345F27595CCF00A9BA0D /* Build configuration list for PBXProject "ScottishPowerTestApp" */ = {
			isa = XCConfigurationList;
			buildConfigurations = (
				7B52348C27595CD100A9BA0D /* Debug */,
				7B52348D27595CD100A9BA0D /* Release */,
			);
			defaultConfigurationIsVisible = 0;
			defaultConfigurationName = Release;
		};
		7B52348E27595CD100A9BA0D /* Build configuration list for PBXNativeTarget "ScottishPowerTestApp" */ = {
			isa = XCConfigurationList;
			buildConfigurations = (
				7B52348F27595CD100A9BA0D /* Debug */,
				7B52349027595CD100A9BA0D /* Release */,
			);
			defaultConfigurationIsVisible = 0;
			defaultConfigurationName = Release;
		};
		7B52349127595CD100A9BA0D /* Build configuration list for PBXNativeTarget "ScottishPowerTestAppTests" */ = {
			isa = XCConfigurationList;
			buildConfigurations = (
				7B52349227595CD100A9BA0D /* Debug */,
				7B52349327595CD100A9BA0D /* Release */,
			);
			defaultConfigurationIsVisible = 0;
			defaultConfigurationName = Release;
		};
		7B52349427595CD100A9BA0D /* Build configuration list for PBXNativeTarget "ScottishPowerTestAppUITests" */ = {
			isa = XCConfigurationList;
			buildConfigurations = (
				7B52349527595CD100A9BA0D /* Debug */,
				7B52349627595CD100A9BA0D /* Release */,
			);
			defaultConfigurationIsVisible = 0;
			defaultConfigurationName = Release;
		};
/* End XCConfigurationList section */
	};
	rootObject = 7B52345C27595CCF00A9BA0D /* Project object */;
}
